
Microsoft Visual Studio Solution File, Format Version 12.00
# Visual Studio Version 16
VisualStudioVersion = 16.0.31005.135
MinimumVisualStudioVersion = 10.0.40219.1
Project("{FAE04EC0-301F-11D3-BF4B-00C04F79EFBC}") = "Natech", "Natech\Natech.csproj", "{D286F5BC-2FE1-4DD4-9568-ECEA3DE88D07}"
EndProject
Project("{FAE04EC0-301F-11D3-BF4B-00C04F79EFBC}") = "Natech.Data", "Natech.Data\Natech.Data.csproj", "{6207EBBA-71C5-4F9A-A2F9-346335DF395E}"
EndProject
Project("{FAE04EC0-301F-11D3-BF4B-00C04F79EFBC}") = "Natech.Repository", "Natech.Repository\Natech.Repository.csproj", "{B2EAD7D4-BF16-4D4A-8A1B-18BA91E32086}"
EndProject
Global
	GlobalSection(SolutionConfigurationPlatforms) = preSolution
		Debug|Any CPU = Debug|Any CPU
		Release|Any CPU = Release|Any CPU
	EndGlobalSection
	GlobalSection(ProjectConfigurationPlatforms) = postSolution
		{D286F5BC-2FE1-4DD4-9568-ECEA3DE88D07}.Debug|Any CPU.ActiveCfg = Debug|Any CPU
		{D286F5BC-2FE1-4DD4-9568-ECEA3DE88D07}.Debug|Any CPU.Build.0 = Debug|Any CPU
		{D286F5BC-2FE1-4DD4-9568-ECEA3DE88D07}.Release|Any CPU.ActiveCfg = Release|Any CPU
		{D286F5BC-2FE1-4DD4-9568-ECEA3DE88D07}.Release|Any CPU.Build.0 = Release|Any CPU
		{6207EBBA-71C5-4F9A-A2F9-346335DF395E}.Debug|Any CPU.ActiveCfg = Debug|Any CPU
		{6207EBBA-71C5-4F9A-A2F9-346335DF395E}.Debug|Any CPU.Build.0 = Debug|Any CPU
		{6207EBBA-71C5-4F9A-A2F9-346335DF395E}.Release|Any CPU.ActiveCfg = Release|Any CPU
		{6207EBBA-71C5-4F9A-A2F9-346335DF395E}.Release|Any CPU.Build.0 = Release|Any CPU
		{B2EAD7D4-BF16-4D4A-8A1B-18BA91E32086}.Debug|Any CPU.ActiveCfg = Debug|Any CPU
		{B2EAD7D4-BF16-4D4A-8A1B-18BA91E32086}.Debug|Any CPU.Build.0 = Debug|Any CPU
		{B2EAD7D4-BF16-4D4A-8A1B-18BA91E32086}.Release|Any CPU.ActiveCfg = Release|Any CPU
		{B2EAD7D4-BF16-4D4A-8A1B-18BA91E32086}.Release|Any CPU.Build.0 = Release|Any CPU
	EndGlobalSection
	GlobalSection(SolutionProperties) = preSolution
		HideSolutionNode = FALSE
	EndGlobalSection
	GlobalSection(ExtensibilityGlobals) = postSolution
		SolutionGuid = {FC5F6217-A59A-4943-8CFA-5867AC330887}
	EndGlobalSection
EndGlobal
